
Microsoft Visual Studio Solution File, Format Version 12.00
# Visual Studio Version 17
VisualStudioVersion = 17.2.32616.157
MinimumVisualStudioVersion = 10.0.40219.1
Project("{9A19103F-16F7-4668-BE54-9A1E7A4F7556}") = "Matcher.API", "Matcher.API\Matcher.API.csproj", "{2C032EA9-4DE9-4F84-A3D2-96A1FE5AE95C}"
EndProject
Project("{9A19103F-16F7-4668-BE54-9A1E7A4F7556}") = "Matcher.DATA", "Matcher.DATA\Matcher.DATA.csproj", "{98468981-F9E1-4E7A-AE53-32FEA120CB05}"
EndProject
Project("{FAE04EC0-301F-11D3-BF4B-00C04F79EFBC}") = "Matcher.BLL", "Matcher.BLL\Matcher.BLL.csproj", "{3BBA3741-7D1F-4049-9D25-65E86E5543B6}"
EndProject
Project("{FAE04EC0-301F-11D3-BF4B-00C04F79EFBC}") = "Matcher.Panel", "Matcher.Panel\Matcher.Panel.csproj", "{792F0C04-3C4C-4D47-BE2C-D328EA44D240}"
EndProject
Global
	GlobalSection(SolutionConfigurationPlatforms) = preSolution
		Debug|Any CPU = Debug|Any CPU
		Release|Any CPU = Release|Any CPU
	EndGlobalSection
	GlobalSection(ProjectConfigurationPlatforms) = postSolution
		{2C032EA9-4DE9-4F84-A3D2-96A1FE5AE95C}.Debug|Any CPU.ActiveCfg = Debug|Any CPU
		{2C032EA9-4DE9-4F84-A3D2-96A1FE5AE95C}.Debug|Any CPU.Build.0 = Debug|Any CPU
		{2C032EA9-4DE9-4F84-A3D2-96A1FE5AE95C}.Release|Any CPU.ActiveCfg = Release|Any CPU
		{2C032EA9-4DE9-4F84-A3D2-96A1FE5AE95C}.Release|Any CPU.Build.0 = Release|Any CPU
		{98468981-F9E1-4E7A-AE53-32FEA120CB05}.Debug|Any CPU.ActiveCfg = Debug|Any CPU
		{98468981-F9E1-4E7A-AE53-32FEA120CB05}.Debug|Any CPU.Build.0 = Debug|Any CPU
		{98468981-F9E1-4E7A-AE53-32FEA120CB05}.Release|Any CPU.ActiveCfg = Release|Any CPU
		{98468981-F9E1-4E7A-AE53-32FEA120CB05}.Release|Any CPU.Build.0 = Release|Any CPU
		{3BBA3741-7D1F-4049-9D25-65E86E5543B6}.Debug|Any CPU.ActiveCfg = Debug|Any CPU
		{3BBA3741-7D1F-4049-9D25-65E86E5543B6}.Debug|Any CPU.Build.0 = Debug|Any CPU
		{3BBA3741-7D1F-4049-9D25-65E86E5543B6}.Release|Any CPU.ActiveCfg = Release|Any CPU
		{3BBA3741-7D1F-4049-9D25-65E86E5543B6}.Release|Any CPU.Build.0 = Release|Any CPU
		{792F0C04-3C4C-4D47-BE2C-D328EA44D240}.Debug|Any CPU.ActiveCfg = Debug|Any CPU
		{792F0C04-3C4C-4D47-BE2C-D328EA44D240}.Debug|Any CPU.Build.0 = Debug|Any CPU
		{792F0C04-3C4C-4D47-BE2C-D328EA44D240}.Release|Any CPU.ActiveCfg = Release|Any CPU
		{792F0C04-3C4C-4D47-BE2C-D328EA44D240}.Release|Any CPU.Build.0 = Release|Any CPU
	EndGlobalSection
	GlobalSection(SolutionProperties) = preSolution
		HideSolutionNode = FALSE
	EndGlobalSection
	GlobalSection(ExtensibilityGlobals) = postSolution
		SolutionGuid = {9214B73A-5B70-4819-BD93-6272CC381AA6}
	EndGlobalSection
EndGlobal
